
Microsoft Visual Studio Solution File, Format Version 12.00
# Visual Studio Version 17
VisualStudioVersion = 17.7.34031.279
MinimumVisualStudioVersion = 10.0.40219.1
Project("{FAE04EC0-301F-11D3-BF4B-00C04F79EFBC}") = "HealthDeclarationSolution", "HealthDeclarationSolution\HealthDeclarationSolution.csproj", "{90817067-4AF1-403A-8BBE-5908C6EC9EB5}"
EndProject
Global
	GlobalSection(SolutionConfigurationPlatforms) = preSolution
		Debug|Any CPU = Debug|Any CPU
		Release|Any CPU = Release|Any CPU
	EndGlobalSection
	GlobalSection(ProjectConfigurationPlatforms) = postSolution
		{90817067-4AF1-403A-8BBE-5908C6EC9EB5}.Debug|Any CPU.ActiveCfg = Debug|Any CPU
		{90817067-4AF1-403A-8BBE-5908C6EC9EB5}.Debug|Any CPU.Build.0 = Debug|Any CPU
		{90817067-4AF1-403A-8BBE-5908C6EC9EB5}.Release|Any CPU.ActiveCfg = Release|Any CPU
		{90817067-4AF1-403A-8BBE-5908C6EC9EB5}.Release|Any CPU.Build.0 = Release|Any CPU
	EndGlobalSection
	GlobalSection(SolutionProperties) = preSolution
		HideSolutionNode = FALSE
	EndGlobalSection
	GlobalSection(ExtensibilityGlobals) = postSolution
		SolutionGuid = {A5D2DBEF-6966-4950-9C5C-C189601B83DC}
	EndGlobalSection
EndGlobal
